{
  "name": "mini-vue",
  "version": "1.0.0",
  "lockfileVersion": 2,
  "requires": true,
  "packages": {
    "": {
      "name": "mini-vue",
      "version": "1.0.0",
      "license": "ISC",
      "dependencies": {
        "@vue/reactivity": "^3.0.7"
      }
    },
    "node_modules/@vue/reactivity": {
      "version": "3.0.7",
      "resolved": "https://registry.npm.taobao.org/@vue/reactivity/download/@vue/reactivity-3.0.7.tgz?cache=0&sync_timestamp=1614614692200&other_urls=https%3A%2F%2Fregistry.npm.taobao.org%2F%40vue%2Freactivity%2Fdownload%2F%40vue%2Freactivity-3.0.7.tgz",
      "integrity": "sha1-5szHvvf8ELCXLk2XS61xZ507Jq0=",
      "dependencies": {
        "@vue/shared": "3.0.7"
      }
    },
    "node_modules/@vue/shared": {
      "version": "3.0.7",
      "resolved": "https://registry.npm.taobao.org/@vue/shared/download/@vue/shared-3.0.7.tgz",
      "integrity": "sha1-ltUpiO/AdETBCMfGgDunzJPkAEU="
    }
  },
  "dependencies": {
    "@vue/reactivity": {
      "version": "3.0.7",
      "resolved": "https://registry.npm.taobao.org/@vue/reactivity/download/@vue/reactivity-3.0.7.tgz?cache=0&sync_timestamp=1614614692200&other_urls=https%3A%2F%2Fregistry.npm.taobao.org%2F%40vue%2Freactivity%2Fdownload%2F%40vue%2Freactivity-3.0.7.tgz",
      "integrity": "sha1-5szHvvf8ELCXLk2XS61xZ507Jq0=",
      "requires": {
        "@vue/shared": "3.0.7"
      }
    },
    "@vue/shared": {
      "version": "3.0.7",
      "resolved": "https://registry.npm.taobao.org/@vue/shared/download/@vue/shared-3.0.7.tgz",
      "integrity": "sha1-ltUpiO/AdETBCMfGgDunzJPkAEU="
    }
  }
}
