{
  "name": "getMac",
  "version": "1.0.0",
  "lockfileVersion": 1,
  "requires": true,
  "dependencies": {
    "eachr": {
      "version": "3.3.0",
      "resolved": "https://registry.npm.taobao.org/eachr/download/eachr-3.3.0.tgz",
      "integrity": "sha1-Efcoe+fTHWuZlH/g2Ked6ZrCpGk=",
      "requires": {
        "editions": "^2.2.0",
        "typechecker": "^4.9.0"
      }
    },
    "editions": {
      "version": "2.3.1",
      "resolved": "https://registry.nlark.com/editions/download/editions-2.3.1.tgz",
      "integrity": "sha1-O8mWLxl46AExL70K6/7WO0m/5pg=",
      "requires": {
        "errlop": "^2.0.0",
        "semver": "^6.3.0"
      }
    },
    "errlop": {
      "version": "2.2.0",
      "resolved": "https://registry.nlark.com/errlop/download/errlop-2.2.0.tgz",
      "integrity": "sha1-H/OD+PkXrjKL67gC1sppZmpC0hs="
    },
    "extract-opts": {
      "version": "3.4.0",
      "resolved": "https://registry.npm.taobao.org/extract-opts/download/extract-opts-3.4.0.tgz",
      "integrity": "sha1-qwenhziWoafjUPJ+LVJkXCzrqaw=",
      "requires": {
        "eachr": "^3.2.0",
        "editions": "^2.2.0",
        "typechecker": "^4.9.0"
      }
    },
    "getmac": {
      "version": "1.2.1",
      "resolved": "https://registry.npm.taobao.org/getmac/download/getmac-1.2.1.tgz",
      "integrity": "sha1-DQlf0GJ4UAQ+rB3PoLEgu9wUJtE=",
      "requires": {
        "extract-opts": "^3.2.0"
      }
    },
    "semver": {
      "version": "6.3.0",
      "resolved": "https://registry.nlark.com/semver/download/semver-6.3.0.tgz?cache=0&sync_timestamp=1618847119601&other_urls=https%3A%2F%2Fregistry.nlark.com%2Fsemver%2Fdownload%2Fsemver-6.3.0.tgz",
      "integrity": "sha1-7gpkyK9ejO6mdoexM3YeG+y9HT0="
    },
    "typechecker": {
      "version": "4.11.0",
      "resolved": "https://registry.npm.taobao.org/typechecker/download/typechecker-4.11.0.tgz",
      "integrity": "sha1-ghnNkNL3tYWj9a+cFGyKI4kfHqw=",
      "requires": {
        "editions": "^2.2.0"
      }
    }
  }
}
